
Microsoft Visual Studio Solution File, Format Version 12.00
# Visual Studio Version 16
VisualStudioVersion = 16.0.30002.166
MinimumVisualStudioVersion = 10.0.40219.1
Project("{FAE04EC0-301F-11D3-BF4B-00C04F79EFBC}") = "ATM", "ATM\ATM.csproj", "{D82B1287-CC19-4712-8A27-0428136967BF}"
EndProject
Global
	GlobalSection(SolutionConfigurationPlatforms) = preSolution
		Debug|Any CPU = Debug|Any CPU
		Release|Any CPU = Release|Any CPU
	EndGlobalSection
	GlobalSection(ProjectConfigurationPlatforms) = postSolution
		{D82B1287-CC19-4712-8A27-0428136967BF}.Debug|Any CPU.ActiveCfg = Debug|Any CPU
		{D82B1287-CC19-4712-8A27-0428136967BF}.Debug|Any CPU.Build.0 = Debug|Any CPU
		{D82B1287-CC19-4712-8A27-0428136967BF}.Release|Any CPU.ActiveCfg = Release|Any CPU
		{D82B1287-CC19-4712-8A27-0428136967BF}.Release|Any CPU.Build.0 = Release|Any CPU
	EndGlobalSection
	GlobalSection(SolutionProperties) = preSolution
		HideSolutionNode = FALSE
	EndGlobalSection
	GlobalSection(ExtensibilityGlobals) = postSolution
		SolutionGuid = {0EE8DBE1-B289-420D-97FE-5BA6697F158E}
	EndGlobalSection
EndGlobal
